
Microsoft Visual Studio Solution File, Format Version 12.00
# Visual Studio 15
Project("{FAE04EC0-301F-11D3-BF4B-00C04F79EFBC}") = "RateCalculationEngine", "RateCalculationEngine\RateCalculationEngine.csproj", "{1588E178-4DF0-4923-8599-6D367C00F274}"
EndProject
Project("{FAE04EC0-301F-11D3-BF4B-00C04F79EFBC}") = "RateCalculationEngine.Test", "RateCalculationEngine.Test\RateCalculationEngine.Test.csproj", "{C68F892B-21CF-4176-BD96-E3A7E19E3F25}"
EndProject
Global
	GlobalSection(SolutionConfigurationPlatforms) = preSolution
		Debug|Any CPU = Debug|Any CPU
		Release|Any CPU = Release|Any CPU
	EndGlobalSection
	GlobalSection(ProjectConfigurationPlatforms) = postSolution
		{1588E178-4DF0-4923-8599-6D367C00F274}.Debug|Any CPU.ActiveCfg = Debug|Any CPU
		{1588E178-4DF0-4923-8599-6D367C00F274}.Debug|Any CPU.Build.0 = Debug|Any CPU
		{1588E178-4DF0-4923-8599-6D367C00F274}.Release|Any CPU.ActiveCfg = Release|Any CPU
		{1588E178-4DF0-4923-8599-6D367C00F274}.Release|Any CPU.Build.0 = Release|Any CPU
		{C68F892B-21CF-4176-BD96-E3A7E19E3F25}.Debug|Any CPU.ActiveCfg = Debug|Any CPU
		{C68F892B-21CF-4176-BD96-E3A7E19E3F25}.Debug|Any CPU.Build.0 = Debug|Any CPU
		{C68F892B-21CF-4176-BD96-E3A7E19E3F25}.Release|Any CPU.ActiveCfg = Release|Any CPU
		{C68F892B-21CF-4176-BD96-E3A7E19E3F25}.Release|Any CPU.Build.0 = Release|Any CPU
	EndGlobalSection
EndGlobal
